
Microsoft Visual Studio Solution File, Format Version 12.00
Project("{FAE04EC0-301F-11D3-BF4B-00C04F79EFBC}") = "pos-print-be", "pos-print-be\pos-print-be.csproj", "{86F695F4-E580-453D-8791-CEDD53EFBE85}"
EndProject
Global
	GlobalSection(SolutionConfigurationPlatforms) = preSolution
		Debug|Any CPU = Debug|Any CPU
		Release|Any CPU = Release|Any CPU
	EndGlobalSection
	GlobalSection(ProjectConfigurationPlatforms) = postSolution
		{86F695F4-E580-453D-8791-CEDD53EFBE85}.Debug|Any CPU.ActiveCfg = Debug|Any CPU
		{86F695F4-E580-453D-8791-CEDD53EFBE85}.Debug|Any CPU.Build.0 = Debug|Any CPU
		{86F695F4-E580-453D-8791-CEDD53EFBE85}.Release|Any CPU.ActiveCfg = Release|Any CPU
		{86F695F4-E580-453D-8791-CEDD53EFBE85}.Release|Any CPU.Build.0 = Release|Any CPU
	EndGlobalSection
EndGlobal
